
Microsoft Visual Studio Solution File, Format Version 12.00
# Visual Studio 15
VisualStudioVersion = 15.0.27130.2027
MinimumVisualStudioVersion = 10.0.40219.1
Project("{FAE04EC0-301F-11D3-BF4B-00C04F79EFBC}") = "DataGridView-Cars-Database", "Cars Database DataGridView\DataGridView-Cars-Database.csproj", "{D93384C3-8C8C-4BFF-B297-3CBF35509F29}"
EndProject
Global
	GlobalSection(SolutionConfigurationPlatforms) = preSolution
		Debug|Any CPU = Debug|Any CPU
		Release|Any CPU = Release|Any CPU
	EndGlobalSection
	GlobalSection(ProjectConfigurationPlatforms) = postSolution
		{D93384C3-8C8C-4BFF-B297-3CBF35509F29}.Debug|Any CPU.ActiveCfg = Debug|Any CPU
		{D93384C3-8C8C-4BFF-B297-3CBF35509F29}.Debug|Any CPU.Build.0 = Debug|Any CPU
		{D93384C3-8C8C-4BFF-B297-3CBF35509F29}.Release|Any CPU.ActiveCfg = Release|Any CPU
		{D93384C3-8C8C-4BFF-B297-3CBF35509F29}.Release|Any CPU.Build.0 = Release|Any CPU
	EndGlobalSection
	GlobalSection(SolutionProperties) = preSolution
		HideSolutionNode = FALSE
	EndGlobalSection
	GlobalSection(ExtensibilityGlobals) = postSolution
		SolutionGuid = {1012A885-EDB3-4FD0-A1F2-234F62A27882}
	EndGlobalSection
EndGlobal
